
Microsoft Visual Studio Solution File, Format Version 12.00
# Visual Studio Version 17
VisualStudioVersion = 17.10.35013.160
MinimumVisualStudioVersion = 10.0.40219.1
Project("{FAE04EC0-301F-11D3-BF4B-00C04F79EFBC}") = "To Do List App 1", "To Do List App 1.csproj", "{D5CE590A-966A-4F9C-A601-72C94320B123}"
EndProject
Global
	GlobalSection(SolutionConfigurationPlatforms) = preSolution
		Debug|Any CPU = Debug|Any CPU
		Release|Any CPU = Release|Any CPU
	EndGlobalSection
	GlobalSection(ProjectConfigurationPlatforms) = postSolution
		{D5CE590A-966A-4F9C-A601-72C94320B123}.Debug|Any CPU.ActiveCfg = Debug|Any CPU
		{D5CE590A-966A-4F9C-A601-72C94320B123}.Debug|Any CPU.Build.0 = Debug|Any CPU
		{D5CE590A-966A-4F9C-A601-72C94320B123}.Release|Any CPU.ActiveCfg = Release|Any CPU
		{D5CE590A-966A-4F9C-A601-72C94320B123}.Release|Any CPU.Build.0 = Release|Any CPU
	EndGlobalSection
	GlobalSection(SolutionProperties) = preSolution
		HideSolutionNode = FALSE
	EndGlobalSection
	GlobalSection(ExtensibilityGlobals) = postSolution
		SolutionGuid = {9F96FD4C-4511-4E60-A0AB-5CEE128C6FA7}
	EndGlobalSection
EndGlobal
